<?xml version="1.0" encoding="utf-8"?>
<Project ToolsVersion="4.0" xmlns="http://schemas.microsoft.com/developer/msbuild/2003">
  <ItemGroup>
    <ClCompile Include="src\Game\UI\UIManager.cpp" />
    <ClCompile Include="src\Game\UI\Parts\ItemCounter\ItemCounter.cpp" />
    <ClCompile Include="src\Game\UI\Parts\InteractGuide\InteractGuide.cpp" />
    <ClCompile Include="src\Game\Gear\DroppedGear.cpp" />
    <ClCompile Include="src\Game\Gear\GearManager.cpp" />
    <ClCompile Include="src\Game\Ore\DroppedOre.cpp" />
    <ClCompile Include="src\Game\Sphinx\RandomWalk.cpp" />
    <ClCompile Include="src\Game\Sphinx\Sphinx.cpp" />
    <ClCompile Include="src\Game\Ore\OreManager.cpp" />
    <ClCompile Include="src\Game\Ore\Ore.cpp" />
    <ClCompile Include="src\Game\Carrier\Carrier.cpp" />
    <ClCompile Include="src\Game\Path\PathManager.cpp" />
    <ClCompile Include="src\Game\Player\Player.cpp" />
    <ClCompile Include="src\Game\GameResourceLoader\GameResourceLoader.cpp" />
    <ClCompile Include="src\Game\Scene\GamePlayScene.cpp" />
    <ClCompile Include="src\Game\Scene\SceneFactory.cpp" />
    <ClCompile Include="src\Game\WorkBench\WorkBench.cpp" />
    <ClCompile Include="src\Game\WorkBench\WorkBenchManager.cpp" />
    <ClCompile Include="src\Game\StageEditor\StageEditor.cpp" />
    <ClCompile Include="src\Game\Field\LotsOfOreFieldEvent.cpp" />
    <ClCompile Include="src\Game\Field\FieldEventManager.cpp" />
    <ClCompile Include="src\Game\Field\BaseFieldEvent.cpp" />
    <ClCompile Include="src\Game\Field\SunGodRaFieldEvent.cpp" />
    <ClCompile Include="src\Game\Field\NormalField.cpp" />
    <ClCompile Include="src\Game\Field\AnubisFieldEvent.cpp" />
    <ClCompile Include="src\Game\Mummy\Mummy.cpp" />
    <ClCompile Include="src\Game\Mummy\MummyManager.cpp" />
    <ClCompile Include="src\Game\Particles\ParticleStrage.cpp" />
    <ClCompile Include="src\Util\JsonUtil.cpp" />
    <ClCompile Include="src\Game\Particles\Particle.cpp" />
    <ClCompile Include="src\Game\Particles\ParticleEditorSystem.cpp" />
    <ClCompile Include="src\Game\Scene\ParticleEditorScene.cpp" />
    <ClCompile Include="src\Game\Scene\TitleScene\TitleScene.cpp" />
    <ClCompile Include="src\Game\SpriteCollision\SpriteCollision.cpp" />
    <ClCompile Include="src\Game\OtherSceneObj\TitleSceneObject\TitleSceneUI\TitleSceneUI.cpp" />
    <ClCompile Include="src\Game\Scene\ResultScene\ResultScene.cpp" />
    <ClCompile Include="src\Game\OtherSceneObj\ResultSceneObject\ResultSceneUI\ResultSceneUI.cpp" />
    <ClCompile Include="src\Game\Scene\StageSelectScene\StageSelectScene.cpp" />
    <ClCompile Include="src\Game\OtherSceneObj\StageSelectSceneObject\StageSelectSceneUI\StageSelectSceneUI.cpp" />
    <ClCompile Include="src\Game\OtherSceneObj\StageSelectSceneObject\SelectObjectManager.cpp" />
    <ClCompile Include="src\Game\OtherSceneObj\OtherSceneUIBase.cpp" />
    <ClCompile Include="src\Game\Scene\OtherSceneBase.cpp" />
  </ItemGroup>
  <ItemGroup>
    <ClInclude Include="src\Game\UI\UIManager.h" />
    <ClInclude Include="src\Game\UI\Parts\ItemCounter\ItemCounter.h" />
    <ClInclude Include="src\Game\UI\Parts\InteractGuide\InteractGuide.h" />
    <ClInclude Include="src\Game\Gear\DroppedGear.h" />
    <ClInclude Include="src\Game\Gear\GearManager.h" />
    <ClInclude Include="src\Game\Ore\DroppedOre.h" />
    <ClInclude Include="src\Game\Sphinx\RandomWalk.h" />
    <ClInclude Include="src\Game\Sphinx\Sphinx.h" />
    <ClInclude Include="src\Game\Ore\OreManager.h" />
    <ClInclude Include="src\Game\Ore\Ore.h" />
    <ClInclude Include="src\Game\Carrier\Carrier.h" />
    <ClInclude Include="src\Game\Path\PathManager.h" />
    <ClInclude Include="src\Game\Player\Player.h" />
    <ClInclude Include="src\Game\GameResourceLoader\GameResourceLoader.h" />
    <ClInclude Include="src\Game\Scene\GamePlayScene.h" />
    <ClInclude Include="src\Game\Scene\SceneFactory.h" />
    <ClInclude Include="src\Game\WorkBench\WorkBench.h" />
    <ClInclude Include="src\Game\WorkBench\WorkBenchManager.h" />
    <ClInclude Include="src\Game\StageEditor\StageEditor.h" />
    <ClInclude Include="src\Game\Field\LotsOfOreFieldEvent.h" />
    <ClInclude Include="src\Game\Field\FieldEventManager.h" />
    <ClInclude Include="src\Game\Field\BaseFieldEvent.h" />
    <ClInclude Include="src\Game\Field\SunGodRaFieldEvent.h" />
    <ClInclude Include="src\Game\Field\NormalField.h" />
    <ClInclude Include="src\Game\Field\AnubisFieldEvent.h" />
    <ClInclude Include="src\Game\Mummy\Mummy.h" />
    <ClInclude Include="src\Game\Mummy\MummyManager.h" />
    <ClInclude Include="src\Util\State\StateMachine.h" />
    <ClInclude Include="src\Util\State\State.h" />
    <ClInclude Include="src\Game\Sphinx\SphinxState.h" />
    <ClCompile Include="src\Game\GameResourceLoader\GameResourceLoader.cpp">
      <Filter>ソース ファイル</Filter>
    </ClCompile>
    <ClCompile Include="src\Game\Scene\GamePlayScene.cpp">
      <Filter>ソース ファイル</Filter>
    </ClCompile>
    <ClCompile Include="src\Game\Scene\SceneFactory.cpp">
      <Filter>ソース ファイル</Filter>
    </ClCompile>
    <ClCompile Include="src\Game\Player\Player.cpp">
      <Filter>ソース ファイル</Filter>
    </ClCompile>
    <ClCompile Include="src\Game\Path\PathManager.cpp">
      <Filter>ソース ファイル</Filter>
    </ClCompile>
    <ClCompile Include="src\Game\Carrier\Carrier.cpp">
      <Filter>ソース ファイル</Filter>
    </ClCompile>
    <ClCompile Include="src\Game\Ore\Ore.cpp">
      <Filter>ソース ファイル</Filter>
    </ClCompile>
    <ClCompile Include="src\Game\Ore\OreManager.cpp">
      <Filter>ソース ファイル</Filter>
    </ClCompile>
    <ClCompile Include="src\Game\Ore\DroppedOre.cpp">
      <Filter>ソース ファイル</Filter>
    </ClCompile>
    <ClInclude Include="src\Game\Particles\ParticleStrage.h" />
    <ClInclude Include="src\Util\JsonUtil.h" />
    <ClInclude Include="src\Game\Particles\Particle.h" />
    <ClInclude Include="src\Game\Particles\ParticleEditorSystem.h" />
    <ClInclude Include="src\Game\Scene\ParticleEditorScene.h" />
    <ClInclude Include="src\Game\Scene\TitleScene\TitleScene.h" />
    <ClInclude Include="src\Game\SpriteCollision\SpriteCollision.h" />
    <ClInclude Include="src\Game\OtherSceneObj\TitleSceneObject\TitleSceneUI\TitleSceneUI.h" />
    <ClInclude Include="src\Game\Scene\ResultScene\ResultScene.h" />
    <ClInclude Include="src\Game\OtherSceneObj\ResultSceneObject\ResultSceneUI\ResultSceneUI.h" />
    <ClInclude Include="src\Game\Scene\StageSelectScene\StageSelectScene.h" />
    <ClInclude Include="src\Game\OtherSceneObj\StageSelectSceneObject\StageSelectSceneUI\StageSelectSceneUI.h" />
    <ClInclude Include="src\Game\OtherSceneObj\StageSelectSceneObject\SelectObjectManager.h" />
    <ClInclude Include="src\Game\OtherSceneObj\OtherSceneUIBase.h" />
    <ClInclude Include="src\Game\Scene\OtherSceneBase.h" />
    <ClInclude Include="src\Game\Scene\StageSelectScene\SelectSceneState.h" />
  </ItemGroup>
  <ItemGroup>
    <ClInclude Include="src\Game\GameResourceLoader\GameResourceLoader.h">
      <Filter>ヘッダー ファイル</Filter>
    </ClInclude>
    <ClInclude Include="src\Game\Scene\GamePlayScene.h">
      <Filter>ヘッダー ファイル</Filter>
    </ClInclude>
    <ClInclude Include="src\Game\Scene\SceneFactory.h">
      <Filter>ヘッダー ファイル</Filter>
    </ClInclude>
    <ClInclude Include="src\Game\Player\Player.h">
      <Filter>ヘッダー ファイル</Filter>
    </ClInclude>
    <ClInclude Include="src\Game\Path\PathManager.h">
      <Filter>ヘッダー ファイル</Filter>
    </ClInclude>
    <ClInclude Include="src\Game\Carrier\Carrier.h">
      <Filter>ヘッダー ファイル</Filter>
    </ClInclude>
    <ClInclude Include="src\Game\Ore\Ore.h">
      <Filter>ヘッダー ファイル</Filter>
    </ClInclude>
    <ClInclude Include="src\Game\Ore\OreManager.h">
      <Filter>ヘッダー ファイル</Filter>
    </ClInclude>
    <ClInclude Include="src\Game\Ore\DroppedOre.h">
      <Filter>ヘッダー ファイル</Filter>
    </ClInclude>
  </ItemGroup>
</Project>